
Microsoft Visual Studio Solution File, Format Version 12.00
# Visual Studio Version 16
VisualStudioVersion = 16.0.29306.81
MinimumVisualStudioVersion = 10.0.40219.1
Project("{9A19103F-16F7-4668-BE54-9A1E7A4F7556}") = "EchantionChallenge", "src\EchantionChallenge.csproj", "{00F971AF-C5C9-4EFD-A67E-F5EF890BAA50}"
EndProject
Project("{9A19103F-16F7-4668-BE54-9A1E7A4F7556}") = "client", "client\client.csproj", "{208C5A33-8604-4420-AF40-D567364711A3}"
EndProject
Project("{FAE04EC0-301F-11D3-BF4B-00C04F79EFBC}") = "Abstractions", "Abstractions\Abstractions.csproj", "{171D941D-076E-408E-B08F-BE8C4BEA1277}"
EndProject
Global
	GlobalSection(SolutionConfigurationPlatforms) = preSolution
		Debug|Any CPU = Debug|Any CPU
		Release|Any CPU = Release|Any CPU
	EndGlobalSection
	GlobalSection(ProjectConfigurationPlatforms) = postSolution
		{00F971AF-C5C9-4EFD-A67E-F5EF890BAA50}.Debug|Any CPU.ActiveCfg = Debug|Any CPU
		{00F971AF-C5C9-4EFD-A67E-F5EF890BAA50}.Debug|Any CPU.Build.0 = Debug|Any CPU
		{00F971AF-C5C9-4EFD-A67E-F5EF890BAA50}.Release|Any CPU.ActiveCfg = Release|Any CPU
		{00F971AF-C5C9-4EFD-A67E-F5EF890BAA50}.Release|Any CPU.Build.0 = Release|Any CPU
		{208C5A33-8604-4420-AF40-D567364711A3}.Debug|Any CPU.ActiveCfg = Debug|Any CPU
		{208C5A33-8604-4420-AF40-D567364711A3}.Debug|Any CPU.Build.0 = Debug|Any CPU
		{208C5A33-8604-4420-AF40-D567364711A3}.Release|Any CPU.ActiveCfg = Release|Any CPU
		{208C5A33-8604-4420-AF40-D567364711A3}.Release|Any CPU.Build.0 = Release|Any CPU
		{171D941D-076E-408E-B08F-BE8C4BEA1277}.Debug|Any CPU.ActiveCfg = Debug|Any CPU
		{171D941D-076E-408E-B08F-BE8C4BEA1277}.Debug|Any CPU.Build.0 = Debug|Any CPU
		{171D941D-076E-408E-B08F-BE8C4BEA1277}.Release|Any CPU.ActiveCfg = Release|Any CPU
		{171D941D-076E-408E-B08F-BE8C4BEA1277}.Release|Any CPU.Build.0 = Release|Any CPU
	EndGlobalSection
	GlobalSection(SolutionProperties) = preSolution
		HideSolutionNode = FALSE
	EndGlobalSection
	GlobalSection(ExtensibilityGlobals) = postSolution
		SolutionGuid = {809B97C0-6B6B-4408-A247-4E9CD3CAF933}
	EndGlobalSection
EndGlobal
